
Microsoft Visual Studio Solution File, Format Version 12.00
# Visual Studio 15
VisualStudioVersion = 15.0.28307.645
MinimumVisualStudioVersion = 10.0.40219.1
Project("{FAE04EC0-301F-11D3-BF4B-00C04F79EFBC}") = "week7", "week7\week7.csproj", "{9154DC74-E566-463D-99F0-90A6EA926B0B}"
EndProject
Global
	GlobalSection(SolutionConfigurationPlatforms) = preSolution
		Debug|Any CPU = Debug|Any CPU
		Release|Any CPU = Release|Any CPU
	EndGlobalSection
	GlobalSection(ProjectConfigurationPlatforms) = postSolution
		{9154DC74-E566-463D-99F0-90A6EA926B0B}.Debug|Any CPU.ActiveCfg = Debug|Any CPU
		{9154DC74-E566-463D-99F0-90A6EA926B0B}.Debug|Any CPU.Build.0 = Debug|Any CPU
		{9154DC74-E566-463D-99F0-90A6EA926B0B}.Release|Any CPU.ActiveCfg = Release|Any CPU
		{9154DC74-E566-463D-99F0-90A6EA926B0B}.Release|Any CPU.Build.0 = Release|Any CPU
	EndGlobalSection
	GlobalSection(SolutionProperties) = preSolution
		HideSolutionNode = FALSE
	EndGlobalSection
	GlobalSection(ExtensibilityGlobals) = postSolution
		SolutionGuid = {052CB3AC-651F-47D5-B43C-C7C3957B39EA}
	EndGlobalSection
EndGlobal
