
Microsoft Visual Studio Solution File, Format Version 12.00
# Visual Studio 15
VisualStudioVersion = 15.0.28307.645
MinimumVisualStudioVersion = 10.0.40219.1
Project("{FAE04EC0-301F-11D3-BF4B-00C04F79EFBC}") = "Activity4Week6", "Activity4Week6\Activity4Week6.csproj", "{64E9C12E-5BA5-40CD-99E4-4F3A8DFC2752}"
EndProject
Global
	GlobalSection(SolutionConfigurationPlatforms) = preSolution
		Debug|Any CPU = Debug|Any CPU
		Release|Any CPU = Release|Any CPU
	EndGlobalSection
	GlobalSection(ProjectConfigurationPlatforms) = postSolution
		{64E9C12E-5BA5-40CD-99E4-4F3A8DFC2752}.Debug|Any CPU.ActiveCfg = Debug|Any CPU
		{64E9C12E-5BA5-40CD-99E4-4F3A8DFC2752}.Debug|Any CPU.Build.0 = Debug|Any CPU
		{64E9C12E-5BA5-40CD-99E4-4F3A8DFC2752}.Release|Any CPU.ActiveCfg = Release|Any CPU
		{64E9C12E-5BA5-40CD-99E4-4F3A8DFC2752}.Release|Any CPU.Build.0 = Release|Any CPU
	EndGlobalSection
	GlobalSection(SolutionProperties) = preSolution
		HideSolutionNode = FALSE
	EndGlobalSection
	GlobalSection(ExtensibilityGlobals) = postSolution
		SolutionGuid = {9B7EF52B-3389-4E2F-BF26-670C839DD490}
	EndGlobalSection
EndGlobal
