
Microsoft Visual Studio Solution File, Format Version 12.00
# Visual Studio 15
VisualStudioVersion = 15.0.28307.645
MinimumVisualStudioVersion = 10.0.40219.1
Project("{FAE04EC0-301F-11D3-BF4B-00C04F79EFBC}") = "Assignment_3", "Assignment_3\Assignment_3.csproj", "{80185989-E595-428B-98FA-4170F9FD46B9}"
EndProject
Global
	GlobalSection(SolutionConfigurationPlatforms) = preSolution
		Debug|Any CPU = Debug|Any CPU
		Release|Any CPU = Release|Any CPU
	EndGlobalSection
	GlobalSection(ProjectConfigurationPlatforms) = postSolution
		{80185989-E595-428B-98FA-4170F9FD46B9}.Debug|Any CPU.ActiveCfg = Debug|Any CPU
		{80185989-E595-428B-98FA-4170F9FD46B9}.Debug|Any CPU.Build.0 = Debug|Any CPU
		{80185989-E595-428B-98FA-4170F9FD46B9}.Release|Any CPU.ActiveCfg = Release|Any CPU
		{80185989-E595-428B-98FA-4170F9FD46B9}.Release|Any CPU.Build.0 = Release|Any CPU
	EndGlobalSection
	GlobalSection(SolutionProperties) = preSolution
		HideSolutionNode = FALSE
	EndGlobalSection
	GlobalSection(ExtensibilityGlobals) = postSolution
		SolutionGuid = {7D687194-A89D-47D9-A79C-8251B46B7E25}
	EndGlobalSection
EndGlobal
