
Microsoft Visual Studio Solution File, Format Version 12.00
# Visual Studio 15
VisualStudioVersion = 15.0.28307.645
MinimumVisualStudioVersion = 10.0.40219.1
Project("{FAE04EC0-301F-11D3-BF4B-00C04F79EFBC}") = "week4", "week4\week4.csproj", "{A5AC241D-CA40-4AD2-92B6-AADA80872A01}"
EndProject
Global
	GlobalSection(SolutionConfigurationPlatforms) = preSolution
		Debug|Any CPU = Debug|Any CPU
		Release|Any CPU = Release|Any CPU
	EndGlobalSection
	GlobalSection(ProjectConfigurationPlatforms) = postSolution
		{A5AC241D-CA40-4AD2-92B6-AADA80872A01}.Debug|Any CPU.ActiveCfg = Debug|Any CPU
		{A5AC241D-CA40-4AD2-92B6-AADA80872A01}.Debug|Any CPU.Build.0 = Debug|Any CPU
		{A5AC241D-CA40-4AD2-92B6-AADA80872A01}.Release|Any CPU.ActiveCfg = Release|Any CPU
		{A5AC241D-CA40-4AD2-92B6-AADA80872A01}.Release|Any CPU.Build.0 = Release|Any CPU
	EndGlobalSection
	GlobalSection(SolutionProperties) = preSolution
		HideSolutionNode = FALSE
	EndGlobalSection
	GlobalSection(ExtensibilityGlobals) = postSolution
		SolutionGuid = {E6B25B0C-0B77-4DC2-A886-A3A05C830683}
	EndGlobalSection
EndGlobal
