
Microsoft Visual Studio Solution File, Format Version 12.00
# Visual Studio 15
VisualStudioVersion = 15.0.28307.645
MinimumVisualStudioVersion = 10.0.40219.1
Project("{FAE04EC0-301F-11D3-BF4B-00C04F79EFBC}") = "Assignment1-2", "Assignment1-2\Assignment1-2.csproj", "{24208169-3C38-4035-A3EE-A058357AFB61}"
EndProject
Global
	GlobalSection(SolutionConfigurationPlatforms) = preSolution
		Debug|Any CPU = Debug|Any CPU
		Release|Any CPU = Release|Any CPU
	EndGlobalSection
	GlobalSection(ProjectConfigurationPlatforms) = postSolution
		{24208169-3C38-4035-A3EE-A058357AFB61}.Debug|Any CPU.ActiveCfg = Debug|Any CPU
		{24208169-3C38-4035-A3EE-A058357AFB61}.Debug|Any CPU.Build.0 = Debug|Any CPU
		{24208169-3C38-4035-A3EE-A058357AFB61}.Release|Any CPU.ActiveCfg = Release|Any CPU
		{24208169-3C38-4035-A3EE-A058357AFB61}.Release|Any CPU.Build.0 = Release|Any CPU
	EndGlobalSection
	GlobalSection(SolutionProperties) = preSolution
		HideSolutionNode = FALSE
	EndGlobalSection
	GlobalSection(ExtensibilityGlobals) = postSolution
		SolutionGuid = {E0B725DC-DC76-4797-B000-1260BD03A669}
	EndGlobalSection
EndGlobal
